
Microsoft Visual Studio Solution File, Format Version 12.00
# Visual Studio Version 17
VisualStudioVersion = 17.13.35919.96 d17.13
MinimumVisualStudioVersion = 10.0.40219.1
Project("{FAE04EC0-301F-11D3-BF4B-00C04F79EFBC}") = "WebApiEF", "WebApiEF\WebApiEF.csproj", "{5F9DB077-8A06-46BA-A84B-0E7CB23B328E}"
EndProject
Global
	GlobalSection(SolutionConfigurationPlatforms) = preSolution
		Debug|Any CPU = Debug|Any CPU
		Release|Any CPU = Release|Any CPU
	EndGlobalSection
	GlobalSection(ProjectConfigurationPlatforms) = postSolution
		{5F9DB077-8A06-46BA-A84B-0E7CB23B328E}.Debug|Any CPU.ActiveCfg = Debug|Any CPU
		{5F9DB077-8A06-46BA-A84B-0E7CB23B328E}.Debug|Any CPU.Build.0 = Debug|Any CPU
		{5F9DB077-8A06-46BA-A84B-0E7CB23B328E}.Release|Any CPU.ActiveCfg = Release|Any CPU
		{5F9DB077-8A06-46BA-A84B-0E7CB23B328E}.Release|Any CPU.Build.0 = Release|Any CPU
	EndGlobalSection
	GlobalSection(SolutionProperties) = preSolution
		HideSolutionNode = FALSE
	EndGlobalSection
	GlobalSection(ExtensibilityGlobals) = postSolution
		SolutionGuid = {2D305804-3B4F-43A7-8A2D-7159A01E77B9}
	EndGlobalSection
EndGlobal
